
Microsoft Visual Studio Solution File, Format Version 12.00
# Visual Studio Version 17
VisualStudioVersion = 17.6.33815.320
MinimumVisualStudioVersion = 10.0.40219.1
Project("{54A90642-561A-4BB1-A94E-469ADEE60C69}") = "vueapp", "vueapp\vueapp.esproj", "{3F7D932B-9B20-4CC5-9E95-602E67DC3965}"
EndProject
Project("{9A19103F-16F7-4668-BE54-9A1E7A4F7556}") = "webapi", "webapi\webapi.csproj", "{0BBAD950-3DA6-4DBB-AF6E-9E86678E7568}"
EndProject
Global
	GlobalSection(SolutionConfigurationPlatforms) = preSolution
		Debug|Any CPU = Debug|Any CPU
		Release|Any CPU = Release|Any CPU
	EndGlobalSection
	GlobalSection(ProjectConfigurationPlatforms) = postSolution
		{3F7D932B-9B20-4CC5-9E95-602E67DC3965}.Debug|Any CPU.ActiveCfg = Debug|Any CPU
		{3F7D932B-9B20-4CC5-9E95-602E67DC3965}.Debug|Any CPU.Build.0 = Debug|Any CPU
		{3F7D932B-9B20-4CC5-9E95-602E67DC3965}.Debug|Any CPU.Deploy.0 = Debug|Any CPU
		{3F7D932B-9B20-4CC5-9E95-602E67DC3965}.Release|Any CPU.ActiveCfg = Release|Any CPU
		{3F7D932B-9B20-4CC5-9E95-602E67DC3965}.Release|Any CPU.Build.0 = Release|Any CPU
		{3F7D932B-9B20-4CC5-9E95-602E67DC3965}.Release|Any CPU.Deploy.0 = Release|Any CPU
		{0BBAD950-3DA6-4DBB-AF6E-9E86678E7568}.Debug|Any CPU.ActiveCfg = Debug|Any CPU
		{0BBAD950-3DA6-4DBB-AF6E-9E86678E7568}.Debug|Any CPU.Build.0 = Debug|Any CPU
		{0BBAD950-3DA6-4DBB-AF6E-9E86678E7568}.Release|Any CPU.ActiveCfg = Release|Any CPU
		{0BBAD950-3DA6-4DBB-AF6E-9E86678E7568}.Release|Any CPU.Build.0 = Release|Any CPU
	EndGlobalSection
	GlobalSection(SolutionProperties) = preSolution
		HideSolutionNode = FALSE
	EndGlobalSection
	GlobalSection(ExtensibilityGlobals) = postSolution
		SolutionGuid = {F2B523F3-A2CD-4908-90AE-AFFF2A4BDC2E}
	EndGlobalSection
EndGlobal
